
Microsoft Visual Studio Solution File, Format Version 12.00
# Visual Studio Version 17
VisualStudioVersion = 17.13.35931.197 d17.13
MinimumVisualStudioVersion = 10.0.40219.1
Project("{FAE04EC0-301F-11D3-BF4B-00C04F79EFBC}") = "LogLogDragMeasureWinUI", "LogLogDragMeasureWinUI.csproj", "{7D2B9C51-4E6A-42F8-A03D-1C58B7E9046F}"
EndProject
Global
	GlobalSection(SolutionConfigurationPlatforms) = preSolution
		Debug|x64 = Debug|x64
		Release|x64 = Release|x64
		Debug|Any CPU = Debug|Any CPU
		Release|Any CPU = Release|Any CPU
		Debug|ARM64 = Debug|ARM64
		Release|ARM64 = Release|ARM64
	EndGlobalSection
	GlobalSection(ProjectConfigurationPlatforms) = postSolution
		{7D2B9C51-4E6A-42F8-A03D-1C58B7E9046F}.Debug|x64.ActiveCfg = Debug|x64
		{7D2B9C51-4E6A-42F8-A03D-1C58B7E9046F}.Debug|x64.Build.0 = Debug|x64
		{7D2B9C51-4E6A-42F8-A03D-1C58B7E9046F}.Debug|Any CPU.ActiveCfg = Debug|Any CPU
		{7D2B9C51-4E6A-42F8-A03D-1C58B7E9046F}.Debug|Any CPU.Build.0 = Debug|Any CPU
		{7D2B9C51-4E6A-42F8-A03D-1C58B7E9046F}.Debug|ARM64.ActiveCfg = Debug|ARM64
		{7D2B9C51-4E6A-42F8-A03D-1C58B7E9046F}.Debug|ARM64.Build.0 = Debug|ARM64
		{7D2B9C51-4E6A-42F8-A03D-1C58B7E9046F}.Release|x64.ActiveCfg = Release|x64
		{7D2B9C51-4E6A-42F8-A03D-1C58B7E9046F}.Release|x64.Build.0 = Release|x64
		{7D2B9C51-4E6A-42F8-A03D-1C58B7E9046F}.Release|Any CPU.ActiveCfg = Release|Any CPU
		{7D2B9C51-4E6A-42F8-A03D-1C58B7E9046F}.Release|Any CPU.Build.0 = Release|Any CPU
		{7D2B9C51-4E6A-42F8-A03D-1C58B7E9046F}.Release|ARM64.ActiveCfg = Release|ARM64
		{7D2B9C51-4E6A-42F8-A03D-1C58B7E9046F}.Release|ARM64.Build.0 = Release|ARM64
	EndGlobalSection
	GlobalSection(SolutionProperties) = preSolution
		HideSolutionNode = FALSE
	EndGlobalSection
	GlobalSection(ExtensibilityGlobals) = postSolution
		SolutionGuid = {2F84A6D3-91B7-4C05-8E62-B71D3A0F5C98}
	EndGlobalSection
EndGlobal
